
Microsoft Visual Studio Solution File, Format Version 12.00
# Visual Studio Version 16
VisualStudioVersion = 16.0.30907.101
MinimumVisualStudioVersion = 10.0.40219.1
Project("{FAE04EC0-301F-11D3-BF4B-00C04F79EFBC}") = "squadExpression", "squadExpression.csproj", "{DB4BC3A0-1B18-4E2C-8278-5D98346F7BD8}"
EndProject
Global
	GlobalSection(SolutionConfigurationPlatforms) = preSolution
		Debug|Any CPU = Debug|Any CPU
		Release|Any CPU = Release|Any CPU
	EndGlobalSection
	GlobalSection(ProjectConfigurationPlatforms) = postSolution
		{DB4BC3A0-1B18-4E2C-8278-5D98346F7BD8}.Debug|Any CPU.ActiveCfg = Debug|Any CPU
		{DB4BC3A0-1B18-4E2C-8278-5D98346F7BD8}.Debug|Any CPU.Build.0 = Debug|Any CPU
		{DB4BC3A0-1B18-4E2C-8278-5D98346F7BD8}.Release|Any CPU.ActiveCfg = Release|Any CPU
		{DB4BC3A0-1B18-4E2C-8278-5D98346F7BD8}.Release|Any CPU.Build.0 = Release|Any CPU
	EndGlobalSection
	GlobalSection(SolutionProperties) = preSolution
		HideSolutionNode = FALSE
	EndGlobalSection
	GlobalSection(ExtensibilityGlobals) = postSolution
		SolutionGuid = {4FF845C6-DE51-4E05-8459-4068C5BD3F67}
	EndGlobalSection
EndGlobal
